
Microsoft Visual Studio Solution File, Format Version 12.00
# Visual Studio Version 17
VisualStudioVersion = 17.9.34616.47
MinimumVisualStudioVersion = 10.0.40219.1
Project("{9A19103F-16F7-4668-BE54-9A1E7A4F7556}") = "MultiThreadingTask2", "MultiThreadingTask2.csproj", "{CB71084A-481C-4174-B4FE-38E9B9D96EC5}"
EndProject
Project("{FAE04EC0-301F-11D3-BF4B-00C04F79EFBC}") = "MultiThreadingTask2Tests", "..\MultiThreadingTask2Tests\MultiThreadingTask2Tests.csproj", "{26CAB728-D7F2-4F6D-A292-80828513B4CD}"
EndProject
Global
	GlobalSection(SolutionConfigurationPlatforms) = preSolution
		Debug|Any CPU = Debug|Any CPU
		Release|Any CPU = Release|Any CPU
	EndGlobalSection
	GlobalSection(ProjectConfigurationPlatforms) = postSolution
		{CB71084A-481C-4174-B4FE-38E9B9D96EC5}.Debug|Any CPU.ActiveCfg = Debug|Any CPU
		{CB71084A-481C-4174-B4FE-38E9B9D96EC5}.Debug|Any CPU.Build.0 = Debug|Any CPU
		{CB71084A-481C-4174-B4FE-38E9B9D96EC5}.Release|Any CPU.ActiveCfg = Release|Any CPU
		{CB71084A-481C-4174-B4FE-38E9B9D96EC5}.Release|Any CPU.Build.0 = Release|Any CPU
		{26CAB728-D7F2-4F6D-A292-80828513B4CD}.Debug|Any CPU.ActiveCfg = Debug|Any CPU
		{26CAB728-D7F2-4F6D-A292-80828513B4CD}.Debug|Any CPU.Build.0 = Debug|Any CPU
		{26CAB728-D7F2-4F6D-A292-80828513B4CD}.Release|Any CPU.ActiveCfg = Release|Any CPU
		{26CAB728-D7F2-4F6D-A292-80828513B4CD}.Release|Any CPU.Build.0 = Release|Any CPU
	EndGlobalSection
	GlobalSection(SolutionProperties) = preSolution
		HideSolutionNode = FALSE
	EndGlobalSection
	GlobalSection(ExtensibilityGlobals) = postSolution
		SolutionGuid = {F10DB8E1-1543-4478-9FC4-C1501631C791}
	EndGlobalSection
EndGlobal
