
Microsoft Visual Studio Solution File, Format Version 12.00
# Visual Studio Version 17
VisualStudioVersion = 17.9.34616.47
MinimumVisualStudioVersion = 10.0.40219.1
Project("{9A19103F-16F7-4668-BE54-9A1E7A4F7556}") = "AsyncTask1", "AsyncTask1.csproj", "{CE012C21-B785-4FE2-A520-F086628A243B}"
EndProject
Project("{FAE04EC0-301F-11D3-BF4B-00C04F79EFBC}") = "Async1Tests", "..\Async1Tests\Async1Tests.csproj", "{40B38179-F7A0-4F1E-BEF4-DC59BE9A5A1A}"
EndProject
Global
	GlobalSection(SolutionConfigurationPlatforms) = preSolution
		Debug|Any CPU = Debug|Any CPU
		Release|Any CPU = Release|Any CPU
	EndGlobalSection
	GlobalSection(ProjectConfigurationPlatforms) = postSolution
		{CE012C21-B785-4FE2-A520-F086628A243B}.Debug|Any CPU.ActiveCfg = Debug|Any CPU
		{CE012C21-B785-4FE2-A520-F086628A243B}.Debug|Any CPU.Build.0 = Debug|Any CPU
		{CE012C21-B785-4FE2-A520-F086628A243B}.Release|Any CPU.ActiveCfg = Release|Any CPU
		{CE012C21-B785-4FE2-A520-F086628A243B}.Release|Any CPU.Build.0 = Release|Any CPU
		{40B38179-F7A0-4F1E-BEF4-DC59BE9A5A1A}.Debug|Any CPU.ActiveCfg = Debug|Any CPU
		{40B38179-F7A0-4F1E-BEF4-DC59BE9A5A1A}.Debug|Any CPU.Build.0 = Debug|Any CPU
		{40B38179-F7A0-4F1E-BEF4-DC59BE9A5A1A}.Release|Any CPU.ActiveCfg = Release|Any CPU
		{40B38179-F7A0-4F1E-BEF4-DC59BE9A5A1A}.Release|Any CPU.Build.0 = Release|Any CPU
	EndGlobalSection
	GlobalSection(SolutionProperties) = preSolution
		HideSolutionNode = FALSE
	EndGlobalSection
	GlobalSection(ExtensibilityGlobals) = postSolution
		SolutionGuid = {FA5CA056-3B5C-43F2-B27A-98A2E13F668C}
	EndGlobalSection
EndGlobal
